// !$*UTF8*$!
{
	archiveVersion = 1;
	classes = {
	};
	objectVersion = 50;
	objects = {

/* Begin PBXBuildFile section */
		B9EDC1C325BC6E9D00706721 /* AppDelegate.swift in Sources */ = {isa = PBXBuildFile; fileRef = B9EDC1C225BC6E9D00706721 /* AppDelegate.swift */; };
		B9EDC1C525BC6E9D00706721 /* SceneDelegate.swift in Sources */ = {isa = PBXBuildFile; fileRef = B9EDC1C425BC6E9D00706721 /* SceneDelegate.swift */; };
		B9EDC1C725BC6E9D00706721 /* ViewController.swift in Sources */ = {isa = PBXBuildFile; fileRef = B9EDC1C625BC6E9D00706721 /* ViewController.swift */; };
		B9EDC1CA25BC6E9D00706721 /* Main.storyboard in Resources */ = {isa = PBXBuildFile; fileRef = B9EDC1C825BC6E9D00706721 /* Main.storyboard */; };
		B9EDC1CC25BC6E9E00706721 /* Assets.xcassets in Resources */ = {isa = PBXBuildFile; fileRef = B9EDC1CB25BC6E9E00706721 /* Assets.xcassets */; };
		B9EDC1CF25BC6E9E00706721 /* LaunchScreen.storyboard in Resources */ = {isa = PBXBuildFile; fileRef = B9EDC1CD25BC6E9E00706721 /* LaunchScreen.storyboard */; };
		B9EDC1DA25BC6E9E00706721 /* BirthdayNoteTakerTests.swift in Sources */ = {isa = PBXBuildFile; fileRef = B9EDC1D925BC6E9E00706721 /* BirthdayNoteTakerTests.swift */; };
		B9EDC1E525BC6E9E00706721 /* BirthdayNoteTakerUITests.swift in Sources */ = {isa = PBXBuildFile; fileRef = B9EDC1E425BC6E9E00706721 /* BirthdayNoteTakerUITests.swift */; };
/* End PBXBuildFile section */

/* Begin PBXContainerItemProxy section */
		B9EDC1D625BC6E9E00706721 /* PBXContainerItemProxy */ = {
			isa = PBXContainerItemProxy;
			containerPortal = B9EDC1B725BC6E9D00706721 /* Project object */;
			proxyType = 1;
			remoteGlobalIDString = B9EDC1BE25BC6E9D00706721;
			remoteInfo = BirthdayNoteTaker;
		};
		B9EDC1E125BC6E9E00706721 /* PBXContainerItemProxy */ = {
			isa = PBXContainerItemProxy;
			containerPortal = B9EDC1B725BC6E9D00706721 /* Project object */;
			proxyType = 1;
			remoteGlobalIDString = B9EDC1BE25BC6E9D00706721;
			remoteInfo = BirthdayNoteTaker;
		};
/* End PBXContainerItemProxy section */

/* Begin PBXFileReference section */
		B9EDC1BF25BC6E9D00706721 /* BirthdayNoteTaker.app */ = {isa = PBXFileReference; explicitFileType = wrapper.application; includeInIndex = 0; path = BirthdayNoteTaker.app; sourceTree = BUILT_PRODUCTS_DIR; };
		B9EDC1C225BC6E9D00706721 /* AppDelegate.swift */ = {isa = PBXFileReference; lastKnownFileType = sourcecode.swift; path = AppDelegate.swift; sourceTree = "<group>"; };
		B9EDC1C425BC6E9D00706721 /* SceneDelegate.swift */ = {isa = PBXFileReference; lastKnownFileType = sourcecode.swift; path = SceneDelegate.swift; sourceTree = "<group>"; };
		B9EDC1C625BC6E9D00706721 /* ViewController.swift */ = {isa = PBXFileReference; lastKnownFileType = sourcecode.swift; path = ViewController.swift; sourceTree = "<group>"; };
		B9EDC1C925BC6E9D00706721 /* Base */ = {isa = PBXFileReference; lastKnownFileType = file.storyboard; name = Base; path = Base.lproj/Main.storyboard; sourceTree = "<group>"; };
		B9EDC1CB25BC6E9E00706721 /* Assets.xcassets */ = {isa = PBXFileReference; lastKnownFileType = folder.assetcatalog; path = Assets.xcassets; sourceTree = "<group>"; };
		B9EDC1CE25BC6E9E00706721 /* Base */ = {isa = PBXFileReference; lastKnownFileType = file.storyboard; name = Base; path = Base.lproj/LaunchScreen.storyboard; sourceTree = "<group>"; };
		B9EDC1D025BC6E9E00706721 /* Info.plist */ = {isa = PBXFileReference; lastKnownFileType = text.plist.xml; path = Info.plist; sourceTree = "<group>"; };
		B9EDC1D525BC6E9E00706721 /* BirthdayNoteTakerTests.xctest */ = {isa = PBXFileReference; explicitFileType = wrapper.cfbundle; includeInIndex = 0; path = BirthdayNoteTakerTests.xctest; sourceTree = BUILT_PRODUCTS_DIR; };
		B9EDC1D925BC6E9E00706721 /* BirthdayNoteTakerTests.swift */ = {isa = PBXFileReference; lastKnownFileType = sourcecode.swift; path = BirthdayNoteTakerTests.swift; sourceTree = "<group>"; };
		B9EDC1DB25BC6E9E00706721 /* Info.plist */ = {isa = PBXFileReference; lastKnownFileType = text.plist.xml; path = Info.plist; sourceTree = "<group>"; };
		B9EDC1E025BC6E9E00706721 /* BirthdayNoteTakerUITests.xctest */ = {isa = PBXFileReference; explicitFileType = wrapper.cfbundle; includeInIndex = 0; path = BirthdayNoteTakerUITests.xctest; sourceTree = BUILT_PRODUCTS_DIR; };
		B9EDC1E425BC6E9E00706721 /* BirthdayNoteTakerUITests.swift */ = {isa = PBXFileReference; lastKnownFileType = sourcecode.swift; path = BirthdayNoteTakerUITests.swift; sourceTree = "<group>"; };
		B9EDC1E625BC6E9E00706721 /* Info.plist */ = {isa = PBXFileReference; lastKnownFileType = text.plist.xml; path = Info.plist; sourceTree = "<group>"; };
/* End PBXFileReference section */

/* Begin PBXFrameworksBuildPhase section */
		B9EDC1BC25BC6E9D00706721 /* Frameworks */ = {
			isa = PBXFrameworksBuildPhase;
			buildActionMask = 2147483647;
			files = (
			);
			runOnlyForDeploymentPostprocessing = 0;
		};
		B9EDC1D225BC6E9E00706721 /* Frameworks */ = {
			isa = PBXFrameworksBuildPhase;
			buildActionMask = 2147483647;
			files = (
			);
			runOnlyForDeploymentPostprocessing = 0;
		};
		B9EDC1DD25BC6E9E00706721 /* Frameworks */ = {
			isa = PBXFrameworksBuildPhase;
			buildActionMask = 2147483647;
			files = (
			);
			runOnlyForDeploymentPostprocessing = 0;
		};
/* End PBXFrameworksBuildPhase section */

/* Begin PBXGroup section */
		B9EDC1B625BC6E9D00706721 = {
			isa = PBXGroup;
			children = (
				B9EDC1C125BC6E9D00706721 /* BirthdayNoteTaker */,
				B9EDC1D825BC6E9E00706721 /* BirthdayNoteTakerTests */,
				B9EDC1E325BC6E9E00706721 /* BirthdayNoteTakerUITests */,
				B9EDC1C025BC6E9D00706721 /* Products */,
			);
			sourceTree = "<group>";
		};
		B9EDC1C025BC6E9D00706721 /* Products */ = {
			isa = PBXGroup;
			children = (
				B9EDC1BF25BC6E9D00706721 /* BirthdayNoteTaker.app */,
				B9EDC1D525BC6E9E00706721 /* BirthdayNoteTakerTests.xctest */,
				B9EDC1E025BC6E9E00706721 /* BirthdayNoteTakerUITests.xctest */,
			);
			name = Products;
			sourceTree = "<group>";
		};
		B9EDC1C125BC6E9D00706721 /* BirthdayNoteTaker */ = {
			isa = PBXGroup;
			children = (
				B9EDC1C225BC6E9D00706721 /* AppDelegate.swift */,
				B9EDC1C425BC6E9D00706721 /* SceneDelegate.swift */,
				B9EDC1C625BC6E9D00706721 /* ViewController.swift */,
				B9EDC1C825BC6E9D00706721 /* Main.storyboard */,
				B9EDC1CB25BC6E9E00706721 /* Assets.xcassets */,
				B9EDC1CD25BC6E9E00706721 /* LaunchScreen.storyboard */,
				B9EDC1D025BC6E9E00706721 /* Info.plist */,
			);
			path = BirthdayNoteTaker;
			sourceTree = "<group>";
		};
		B9EDC1D825BC6E9E00706721 /* BirthdayNoteTakerTests */ = {
			isa = PBXGroup;
			children = (
				B9EDC1D925BC6E9E00706721 /* BirthdayNoteTakerTests.swift */,
				B9EDC1DB25BC6E9E00706721 /* Info.plist */,
			);
			path = BirthdayNoteTakerTests;
			sourceTree = "<group>";
		};
		B9EDC1E325BC6E9E00706721 /* BirthdayNoteTakerUITests */ = {
			isa = PBXGroup;
			children = (
				B9EDC1E425BC6E9E00706721 /* BirthdayNoteTakerUITests.swift */,
				B9EDC1E625BC6E9E00706721 /* Info.plist */,
			);
			path = BirthdayNoteTakerUITests;
			sourceTree = "<group>";
		};
/* End PBXGroup section */

/* Begin PBXNativeTarget section */
		B9EDC1BE25BC6E9D00706721 /* BirthdayNoteTaker */ = {
			isa = PBXNativeTarget;
			buildConfigurationList = B9EDC1E925BC6E9E00706721 /* Build configuration list for PBXNativeTarget "BirthdayNoteTaker" */;
			buildPhases = (
				B9EDC1BB25BC6E9D00706721 /* Sources */,
				B9EDC1BC25BC6E9D00706721 /* Frameworks */,
				B9EDC1BD25BC6E9D00706721 /* Resources */,
			);
			buildRules = (
			);
			dependencies = (
			);
			name = BirthdayNoteTaker;
			productName = BirthdayNoteTaker;
			productReference = B9EDC1BF25BC6E9D00706721 /* BirthdayNoteTaker.app */;
			productType = "com.apple.product-type.application";
		};
		B9EDC1D425BC6E9E00706721 /* BirthdayNoteTakerTests */ = {
			isa = PBXNativeTarget;
			buildConfigurationList = B9EDC1EC25BC6E9E00706721 /* Build configuration list for PBXNativeTarget "BirthdayNoteTakerTests" */;
			buildPhases = (
				B9EDC1D125BC6E9E00706721 /* Sources */,
				B9EDC1D225BC6E9E00706721 /* Frameworks */,
				B9EDC1D325BC6E9E00706721 /* Resources */,
			);
			buildRules = (
			);
			dependencies = (
				B9EDC1D725BC6E9E00706721 /* PBXTargetDependency */,
			);
			name = BirthdayNoteTakerTests;
			productName = BirthdayNoteTakerTests;
			productReference = B9EDC1D525BC6E9E00706721 /* BirthdayNoteTakerTests.xctest */;
			productType = "com.apple.product-type.bundle.unit-test";
		};
		B9EDC1DF25BC6E9E00706721 /* BirthdayNoteTakerUITests */ = {
			isa = PBXNativeTarget;
			buildConfigurationList = B9EDC1EF25BC6E9E00706721 /* Build configuration list for PBXNativeTarget "BirthdayNoteTakerUITests" */;
			buildPhases = (
				B9EDC1DC25BC6E9E00706721 /* Sources */,
				B9EDC1DD25BC6E9E00706721 /* Frameworks */,
				B9EDC1DE25BC6E9E00706721 /* Resources */,
			);
			buildRules = (
			);
			dependencies = (
				B9EDC1E225BC6E9E00706721 /* PBXTargetDependency */,
			);
			name = BirthdayNoteTakerUITests;
			productName = BirthdayNoteTakerUITests;
			productReference = B9EDC1E025BC6E9E00706721 /* BirthdayNoteTakerUITests.xctest */;
			productType = "com.apple.product-type.bundle.ui-testing";
		};
/* End PBXNativeTarget section */

/* Begin PBXProject section */
		B9EDC1B725BC6E9D00706721 /* Project object */ = {
			isa = PBXProject;
			attributes = {
				LastSwiftUpdateCheck = 1230;
				LastUpgradeCheck = 1230;
				TargetAttributes = {
					B9EDC1BE25BC6E9D00706721 = {
						CreatedOnToolsVersion = 12.3;
					};
					B9EDC1D425BC6E9E00706721 = {
						CreatedOnToolsVersion = 12.3;
						TestTargetID = B9EDC1BE25BC6E9D00706721;
					};
					B9EDC1DF25BC6E9E00706721 = {
						CreatedOnToolsVersion = 12.3;
						TestTargetID = B9EDC1BE25BC6E9D00706721;
					};
				};
			};
			buildConfigurationList = B9EDC1BA25BC6E9D00706721 /* Build configuration list for PBXProject "BirthdayNoteTaker" */;
			compatibilityVersion = "Xcode 9.3";
			developmentRegion = en;
			hasScannedForEncodings = 0;
			knownRegions = (
				en,
				Base,
			);
			mainGroup = B9EDC1B625BC6E9D00706721;
			productRefGroup = B9EDC1C025BC6E9D00706721 /* Products */;
			projectDirPath = "";
			projectRoot = "";
			targets = (
				B9EDC1BE25BC6E9D00706721 /* BirthdayNoteTaker */,
				B9EDC1D425BC6E9E00706721 /* BirthdayNoteTakerTests */,
				B9EDC1DF25BC6E9E00706721 /* BirthdayNoteTakerUITests */,
			);
		};
/* End PBXProject section */

/* Begin PBXResourcesBuildPhase section */
		B9EDC1BD25BC6E9D00706721 /* Resources */ = {
			isa = PBXResourcesBuildPhase;
			buildActionMask = 2147483647;
			files = (
				B9EDC1CF25BC6E9E00706721 /* LaunchScreen.storyboard in Resources */,
				B9EDC1CC25BC6E9E00706721 /* Assets.xcassets in Resources */,
				B9EDC1CA25BC6E9D00706721 /* Main.storyboard in Resources */,
			);
			runOnlyForDeploymentPostprocessing = 0;
		};
		B9EDC1D325BC6E9E00706721 /* Resources */ = {
			isa = PBXResourcesBuildPhase;
			buildActionMask = 2147483647;
			files = (
			);
			runOnlyForDeploymentPostprocessing = 0;
		};
		B9EDC1DE25BC6E9E00706721 /* Resources */ = {
			isa = PBXResourcesBuildPhase;
			buildActionMask = 2147483647;
			files = (
			);
			runOnlyForDeploymentPostprocessing = 0;
		};
/* End PBXResourcesBuildPhase section */

/* Begin PBXSourcesBuildPhase section */
		B9EDC1BB25BC6E9D00706721 /* Sources */ = {
			isa = PBXSourcesBuildPhase;
			buildActionMask = 2147483647;
			files = (
				B9EDC1C725BC6E9D00706721 /* ViewController.swift in Sources */,
				B9EDC1C325BC6E9D00706721 /* AppDelegate.swift in Sources */,
				B9EDC1C525BC6E9D00706721 /* SceneDelegate.swift in Sources */,
			);
			runOnlyForDeploymentPostprocessing = 0;
		};
		B9EDC1D125BC6E9E00706721 /* Sources */ = {
			isa = PBXSourcesBuildPhase;
			buildActionMask = 2147483647;
			files = (
				B9EDC1DA25BC6E9E00706721 /* BirthdayNoteTakerTests.swift in Sources */,
			);
			runOnlyForDeploymentPostprocessing = 0;
		};
		B9EDC1DC25BC6E9E00706721 /* Sources */ = {
			isa = PBXSourcesBuildPhase;
			buildActionMask = 2147483647;
			files = (
				B9EDC1E525BC6E9E00706721 /* BirthdayNoteTakerUITests.swift in Sources */,
			);
			runOnlyForDeploymentPostprocessing = 0;
		};
/* End PBXSourcesBuildPhase section */

/* Begin PBXTargetDependency section */
		B9EDC1D725BC6E9E00706721 /* PBXTargetDependency */ = {
			isa = PBXTargetDependency;
			target = B9EDC1BE25BC6E9D00706721 /* BirthdayNoteTaker */;
			targetProxy = B9EDC1D625BC6E9E00706721 /* PBXContainerItemProxy */;
		};
		B9EDC1E225BC6E9E00706721 /* PBXTargetDependency */ = {
			isa = PBXTargetDependency;
			target = B9EDC1BE25BC6E9D00706721 /* BirthdayNoteTaker */;
			targetProxy = B9EDC1E125BC6E9E00706721 /* PBXContainerItemProxy */;
		};
/* End PBXTargetDependency section */

/* Begin PBXVariantGroup section */
		B9EDC1C825BC6E9D00706721 /* Main.storyboard */ = {
			isa = PBXVariantGroup;
			children = (
				B9EDC1C925BC6E9D00706721 /* Base */,
			);
			name = Main.storyboard;
			sourceTree = "<group>";
		};
		B9EDC1CD25BC6E9E00706721 /* LaunchScreen.storyboard */ = {
			isa = PBXVariantGroup;
			children = (
				B9EDC1CE25BC6E9E00706721 /* Base */,
			);
			name = LaunchScreen.storyboard;
			sourceTree = "<group>";
		};
/* End PBXVariantGroup section */

/* Begin XCBuildConfiguration section */
		B9EDC1E725BC6E9E00706721 /* Debug */ = {
			isa = XCBuildConfiguration;
			buildSettings = {
				ALWAYS_SEARCH_USER_PATHS = NO;
				CLANG_ANALYZER_NONNULL = YES;
				CLANG_ANALYZER_NUMBER_OBJECT_CONVERSION = YES_AGGRESSIVE;
				CLANG_CXX_LANGUAGE_STANDARD = "gnu++14";
				CLANG_CXX_LIBRARY = "libc++";
				CLANG_ENABLE_MODULES = YES;
				CLANG_ENABLE_OBJC_ARC = YES;
				CLANG_ENABLE_OBJC_WEAK = YES;
				CLANG_WARN_BLOCK_CAPTURE_AUTORELEASING = YES;
				CLANG_WARN_BOOL_CONVERSION = YES;
				CLANG_WARN_COMMA = YES;
				CLANG_WARN_CONSTANT_CONVERSION = YES;
				CLANG_WARN_DEPRECATED_OBJC_IMPLEMENTATIONS = YES;
				CLANG_WARN_DIRECT_OBJC_ISA_USAGE = YES_ERROR;
				CLANG_WARN_DOCUMENTATION_COMMENTS = YES;
				CLANG_WARN_EMPTY_BODY = YES;
				CLANG_WARN_ENUM_CONVERSION = YES;
				CLANG_WARN_INFINITE_RECURSION = YES;
				CLANG_WARN_INT_CONVERSION = YES;
				CLANG_WARN_NON_LITERAL_NULL_CONVERSION = YES;
				CLANG_WARN_OBJC_IMPLICIT_RETAIN_SELF = YES;
				CLANG_WARN_OBJC_LITERAL_CONVERSION = YES;
				CLANG_WARN_OBJC_ROOT_CLASS = YES_ERROR;
				CLANG_WARN_QUOTED_INCLUDE_IN_FRAMEWORK_HEADER = YES;
				CLANG_WARN_RANGE_LOOP_ANALYSIS = YES;
				CLANG_WARN_STRICT_PROTOTYPES = YES;
				CLANG_WARN_SUSPICIOUS_MOVE = YES;
				CLANG_WARN_UNGUARDED_AVAILABILITY = YES_AGGRESSIVE;
				CLANG_WARN_UNREACHABLE_CODE = YES;
				CLANG_WARN__DUPLICATE_METHOD_MATCH = YES;
				COPY_PHASE_STRIP = NO;
				DEBUG_INFORMATION_FORMAT = dwarf;
				ENABLE_STRICT_OBJC_MSGSEND = YES;
				ENABLE_TESTABILITY = YES;
				GCC_C_LANGUAGE_STANDARD = gnu11;
				GCC_DYNAMIC_NO_PIC = NO;
				GCC_NO_COMMON_BLOCKS = YES;
				GCC_OPTIMIZATION_LEVEL = 0;
				GCC_PREPROCESSOR_DEFINITIONS = (
					"DEBUG=1",
					"$(inherited)",
				);
				GCC_WARN_64_TO_32_BIT_CONVERSION = YES;
				GCC_WARN_ABOUT_RETURN_TYPE = YES_ERROR;
				GCC_WARN_UNDECLARED_SELECTOR = YES;
				GCC_WARN_UNINITIALIZED_AUTOS = YES_AGGRESSIVE;
				GCC_WARN_UNUSED_FUNCTION = YES;
				GCC_WARN_UNUSED_VARIABLE = YES;
				IPHONEOS_DEPLOYMENT_TARGET = 14.3;
				MTL_ENABLE_DEBUG_INFO = INCLUDE_SOURCE;
				MTL_FAST_MATH = YES;
				ONLY_ACTIVE_ARCH = YES;
				SDKROOT = iphoneos;
				SWIFT_ACTIVE_COMPILATION_CONDITIONS = DEBUG;
				SWIFT_OPTIMIZATION_LEVEL = "-Onone";
			};
			name = Debug;
		};
		B9EDC1E825BC6E9E00706721 /* Release */ = {
			isa = XCBuildConfiguration;
			buildSettings = {
				ALWAYS_SEARCH_USER_PATHS = NO;
				CLANG_ANALYZER_NONNULL = YES;
				CLANG_ANALYZER_NUMBER_OBJECT_CONVERSION = YES_AGGRESSIVE;
				CLANG_CXX_LANGUAGE_STANDARD = "gnu++14";
				CLANG_CXX_LIBRARY = "libc++";
				CLANG_ENABLE_MODULES = YES;
				CLANG_ENABLE_OBJC_ARC = YES;
				CLANG_ENABLE_OBJC_WEAK = YES;
				CLANG_WARN_BLOCK_CAPTURE_AUTORELEASING = YES;
				CLANG_WARN_BOOL_CONVERSION = YES;
				CLANG_WARN_COMMA = YES;
				CLANG_WARN_CONSTANT_CONVERSION = YES;
				CLANG_WARN_DEPRECATED_OBJC_IMPLEMENTATIONS = YES;
				CLANG_WARN_DIRECT_OBJC_ISA_USAGE = YES_ERROR;
				CLANG_WARN_DOCUMENTATION_COMMENTS = YES;
				CLANG_WARN_EMPTY_BODY = YES;
				CLANG_WARN_ENUM_CONVERSION = YES;
				CLANG_WARN_INFINITE_RECURSION = YES;
				CLANG_WARN_INT_CONVERSION = YES;
				CLANG_WARN_NON_LITERAL_NULL_CONVERSION = YES;
				CLANG_WARN_OBJC_IMPLICIT_RETAIN_SELF = YES;
				CLANG_WARN_OBJC_LITERAL_CONVERSION = YES;
				CLANG_WARN_OBJC_ROOT_CLASS = YES_ERROR;
				CLANG_WARN_QUOTED_INCLUDE_IN_FRAMEWORK_HEADER = YES;
				CLANG_WARN_RANGE_LOOP_ANALYSIS = YES;
				CLANG_WARN_STRICT_PROTOTYPES = YES;
				CLANG_WARN_SUSPICIOUS_MOVE = YES;
				CLANG_WARN_UNGUARDED_AVAILABILITY = YES_AGGRESSIVE;
				CLANG_WARN_UNREACHABLE_CODE = YES;
				CLANG_WARN__DUPLICATE_METHOD_MATCH = YES;
				COPY_PHASE_STRIP = NO;
				DEBUG_INFORMATION_FORMAT = "dwarf-with-dsym";
				ENABLE_NS_ASSERTIONS = NO;
				ENABLE_STRICT_OBJC_MSGSEND = YES;
				GCC_C_LANGUAGE_STANDARD = gnu11;
				GCC_NO_COMMON_BLOCKS = YES;
				GCC_WARN_64_TO_32_BIT_CONVERSION = YES;
				GCC_WARN_ABOUT_RETURN_TYPE = YES_ERROR;
				GCC_WARN_UNDECLARED_SELECTOR = YES;
				GCC_WARN_UNINITIALIZED_AUTOS = YES_AGGRESSIVE;
				GCC_WARN_UNUSED_FUNCTION = YES;
				GCC_WARN_UNUSED_VARIABLE = YES;
				IPHONEOS_DEPLOYMENT_TARGET = 14.3;
				MTL_ENABLE_DEBUG_INFO = NO;
				MTL_FAST_MATH = YES;
				SDKROOT = iphoneos;
				SWIFT_COMPILATION_MODE = wholemodule;
				SWIFT_OPTIMIZATION_LEVEL = "-O";
				VALIDATE_PRODUCT = YES;
			};
			name = Release;
		};
		B9EDC1EA25BC6E9E00706721 /* Debug */ = {
			isa = XCBuildConfiguration;
			buildSettings = {
				ASSETCATALOG_COMPILER_APPICON_NAME = AppIcon;
				ASSETCATALOG_COMPILER_GLOBAL_ACCENT_COLOR_NAME = AccentColor;
				CODE_SIGN_STYLE = Automatic;
				DEVELOPMENT_TEAM = QJS4FJ5R3Z;
				INFOPLIST_FILE = BirthdayNoteTaker/Info.plist;
				LD_RUNPATH_SEARCH_PATHS = (
					"$(inherited)",
					"@executable_path/Frameworks",
				);
				PRODUCT_BUNDLE_IDENTIFIER = com.Onur.BirthdayNoteTaker;
				PRODUCT_NAME = "$(TARGET_NAME)";
				SWIFT_VERSION = 5.0;
				TARGETED_DEVICE_FAMILY = "1,2";
			};
			name = Debug;
		};
		B9EDC1EB25BC6E9E00706721 /* Release */ = {
			isa = XCBuildConfiguration;
			buildSettings = {
				ASSETCATALOG_COMPILER_APPICON_NAME = AppIcon;
				ASSETCATALOG_COMPILER_GLOBAL_ACCENT_COLOR_NAME = AccentColor;
				CODE_SIGN_STYLE = Automatic;
				DEVELOPMENT_TEAM = QJS4FJ5R3Z;
				INFOPLIST_FILE = BirthdayNoteTaker/Info.plist;
				LD_RUNPATH_SEARCH_PATHS = (
					"$(inherited)",
					"@executable_path/Frameworks",
				);
				PRODUCT_BUNDLE_IDENTIFIER = com.Onur.BirthdayNoteTaker;
				PRODUCT_NAME = "$(TARGET_NAME)";
				SWIFT_VERSION = 5.0;
				TARGETED_DEVICE_FAMILY = "1,2";
			};
			name = Release;
		};
		B9EDC1ED25BC6E9E00706721 /* Debug */ = {
			isa = XCBuildConfiguration;
			buildSettings = {
				ALWAYS_EMBED_SWIFT_STANDARD_LIBRARIES = YES;
				BUNDLE_LOADER = "$(TEST_HOST)";
				CODE_SIGN_STYLE = Automatic;
				DEVELOPMENT_TEAM = QJS4FJ5R3Z;
				INFOPLIST_FILE = BirthdayNoteTakerTests/Info.plist;
				IPHONEOS_DEPLOYMENT_TARGET = 14.3;
				LD_RUNPATH_SEARCH_PATHS = (
					"$(inherited)",
					"@executable_path/Frameworks",
					"@loader_path/Frameworks",
				);
				PRODUCT_BUNDLE_IDENTIFIER = com.Onur.BirthdayNoteTakerTests;
				PRODUCT_NAME = "$(TARGET_NAME)";
				SWIFT_VERSION = 5.0;
				TARGETED_DEVICE_FAMILY = "1,2";
				TEST_HOST = "$(BUILT_PRODUCTS_DIR)/BirthdayNoteTaker.app/BirthdayNoteTaker";
			};
			name = Debug;
		};
		B9EDC1EE25BC6E9E00706721 /* Release */ = {
			isa = XCBuildConfiguration;
			buildSettings = {
				ALWAYS_EMBED_SWIFT_STANDARD_LIBRARIES = YES;
				BUNDLE_LOADER = "$(TEST_HOST)";
				CODE_SIGN_STYLE = Automatic;
				DEVELOPMENT_TEAM = QJS4FJ5R3Z;
				INFOPLIST_FILE = BirthdayNoteTakerTests/Info.plist;
				IPHONEOS_DEPLOYMENT_TARGET = 14.3;
				LD_RUNPATH_SEARCH_PATHS = (
					"$(inherited)",
					"@executable_path/Frameworks",
					"@loader_path/Frameworks",
				);
				PRODUCT_BUNDLE_IDENTIFIER = com.Onur.BirthdayNoteTakerTests;
				PRODUCT_NAME = "$(TARGET_NAME)";
				SWIFT_VERSION = 5.0;
				TARGETED_DEVICE_FAMILY = "1,2";
				TEST_HOST = "$(BUILT_PRODUCTS_DIR)/BirthdayNoteTaker.app/BirthdayNoteTaker";
			};
			name = Release;
		};
		B9EDC1F025BC6E9E00706721 /* Debug */ = {
			isa = XCBuildConfiguration;
			buildSettings = {
				ALWAYS_EMBED_SWIFT_STANDARD_LIBRARIES = YES;
				CODE_SIGN_STYLE = Automatic;
				DEVELOPMENT_TEAM = QJS4FJ5R3Z;
				INFOPLIST_FILE = BirthdayNoteTakerUITests/Info.plist;
				LD_RUNPATH_SEARCH_PATHS = (
					"$(inherited)",
					"@executable_path/Frameworks",
					"@loader_path/Frameworks",
				);
				PRODUCT_BUNDLE_IDENTIFIER = com.Onur.BirthdayNoteTakerUITests;
				PRODUCT_NAME = "$(TARGET_NAME)";
				SWIFT_VERSION = 5.0;
				TARGETED_DEVICE_FAMILY = "1,2";
				TEST_TARGET_NAME = BirthdayNoteTaker;
			};
			name = Debug;
		};
		B9EDC1F125BC6E9E00706721 /* Release */ = {
			isa = XCBuildConfiguration;
			buildSettings = {
				ALWAYS_EMBED_SWIFT_STANDARD_LIBRARIES = YES;
				CODE_SIGN_STYLE = Automatic;
				DEVELOPMENT_TEAM = QJS4FJ5R3Z;
				INFOPLIST_FILE = BirthdayNoteTakerUITests/Info.plist;
				LD_RUNPATH_SEARCH_PATHS = (
					"$(inherited)",
					"@executable_path/Frameworks",
					"@loader_path/Frameworks",
				);
				PRODUCT_BUNDLE_IDENTIFIER = com.Onur.BirthdayNoteTakerUITests;
				PRODUCT_NAME = "$(TARGET_NAME)";
				SWIFT_VERSION = 5.0;
				TARGETED_DEVICE_FAMILY = "1,2";
				TEST_TARGET_NAME = BirthdayNoteTaker;
			};
			name = Release;
		};
/* End XCBuildConfiguration section */

/* Begin XCConfigurationList section */
		B9EDC1BA25BC6E9D00706721 /* Build configuration list for PBXProject "BirthdayNoteTaker" */ = {
			isa = XCConfigurationList;
			buildConfigurations = (
				B9EDC1E725BC6E9E00706721 /* Debug */,
				B9EDC1E825BC6E9E00706721 /* Release */,
			);
			defaultConfigurationIsVisible = 0;
			defaultConfigurationName = Release;
		};
		B9EDC1E925BC6E9E00706721 /* Build configuration list for PBXNativeTarget "BirthdayNoteTaker" */ = {
			isa = XCConfigurationList;
			buildConfigurations = (
				B9EDC1EA25BC6E9E00706721 /* Debug */,
				B9EDC1EB25BC6E9E00706721 /* Release */,
			);
			defaultConfigurationIsVisible = 0;
			defaultConfigurationName = Release;
		};
		B9EDC1EC25BC6E9E00706721 /* Build configuration list for PBXNativeTarget "BirthdayNoteTakerTests" */ = {
			isa = XCConfigurationList;
			buildConfigurations = (
				B9EDC1ED25BC6E9E00706721 /* Debug */,
				B9EDC1EE25BC6E9E00706721 /* Release */,
			);
			defaultConfigurationIsVisible = 0;
			defaultConfigurationName = Release;
		};
		B9EDC1EF25BC6E9E00706721 /* Build configuration list for PBXNativeTarget "BirthdayNoteTakerUITests" */ = {
			isa = XCConfigurationList;
			buildConfigurations = (
				B9EDC1F025BC6E9E00706721 /* Debug */,
				B9EDC1F125BC6E9E00706721 /* Release */,
			);
			defaultConfigurationIsVisible = 0;
			defaultConfigurationName = Release;
		};
/* End XCConfigurationList section */
	};
	rootObject = B9EDC1B725BC6E9D00706721 /* Project object */;
}
